
Microsoft Visual Studio Solution File, Format Version 12.00
# Visual Studio Version 17
VisualStudioVersion = 17.4.33205.214
MinimumVisualStudioVersion = 10.0.40219.1
Project("{9A19103F-16F7-4668-BE54-9A1E7A4F7556}") = "TranslationsClient", "TranslationsClient\TranslationsClient.csproj", "{810C5B47-B951-4E96-887C-2955A51F1CBB}"
EndProject
Project("{9A19103F-16F7-4668-BE54-9A1E7A4F7556}") = "TranslationsAdmin", "TranslationsAdmin\TranslationsAdmin.csproj", "{CCDD6A7D-4042-4936-B973-13F278A7EB49}"
EndProject
Project("{00D1A9C2-B5F0-4AF3-8072-F6C62B433612}") = "TranslationsDatabase", "TranslationsDatabase\TranslationsDatabase.sqlproj", "{A51F11AD-A794-4E65-A9B1-E2FCED949577}"
EndProject
Global
	GlobalSection(SolutionConfigurationPlatforms) = preSolution
		Debug|Any CPU = Debug|Any CPU
		Release|Any CPU = Release|Any CPU
	EndGlobalSection
	GlobalSection(ProjectConfigurationPlatforms) = postSolution
		{810C5B47-B951-4E96-887C-2955A51F1CBB}.Debug|Any CPU.ActiveCfg = Debug|Any CPU
		{810C5B47-B951-4E96-887C-2955A51F1CBB}.Debug|Any CPU.Build.0 = Debug|Any CPU
		{810C5B47-B951-4E96-887C-2955A51F1CBB}.Release|Any CPU.ActiveCfg = Release|Any CPU
		{810C5B47-B951-4E96-887C-2955A51F1CBB}.Release|Any CPU.Build.0 = Release|Any CPU
		{CCDD6A7D-4042-4936-B973-13F278A7EB49}.Debug|Any CPU.ActiveCfg = Debug|Any CPU
		{CCDD6A7D-4042-4936-B973-13F278A7EB49}.Debug|Any CPU.Build.0 = Debug|Any CPU
		{CCDD6A7D-4042-4936-B973-13F278A7EB49}.Release|Any CPU.ActiveCfg = Release|Any CPU
		{CCDD6A7D-4042-4936-B973-13F278A7EB49}.Release|Any CPU.Build.0 = Release|Any CPU
		{A51F11AD-A794-4E65-A9B1-E2FCED949577}.Debug|Any CPU.ActiveCfg = Debug|Any CPU
		{A51F11AD-A794-4E65-A9B1-E2FCED949577}.Debug|Any CPU.Build.0 = Debug|Any CPU
		{A51F11AD-A794-4E65-A9B1-E2FCED949577}.Debug|Any CPU.Deploy.0 = Debug|Any CPU
		{A51F11AD-A794-4E65-A9B1-E2FCED949577}.Release|Any CPU.ActiveCfg = Release|Any CPU
		{A51F11AD-A794-4E65-A9B1-E2FCED949577}.Release|Any CPU.Build.0 = Release|Any CPU
		{A51F11AD-A794-4E65-A9B1-E2FCED949577}.Release|Any CPU.Deploy.0 = Release|Any CPU
	EndGlobalSection
	GlobalSection(SolutionProperties) = preSolution
		HideSolutionNode = FALSE
	EndGlobalSection
	GlobalSection(ExtensibilityGlobals) = postSolution
		SolutionGuid = {EC2F61B7-0E2B-4579-8602-63F5504D753C}
	EndGlobalSection
EndGlobal
